// !$*UTF8*$!
{
	archiveVersion = 1;
	classes = {
	};
	objectVersion = 52;
	objects = {

/* Begin PBXBuildFile section */
		4A16E2DF2686A5FE0026A106 /* ILandmarksView.swift in Sources */ = {isa = PBXBuildFile; fileRef = 4A16E2DE2686A5FE0026A106 /* ILandmarksView.swift */; };
		4A16E2E12686A7DB0026A106 /* IDataProvider.swift in Sources */ = {isa = PBXBuildFile; fileRef = 4A16E2E02686A7DB0026A106 /* IDataProvider.swift */; };
		4A16E2E4268783E10026A106 /* Landmark.swift in Sources */ = {isa = PBXBuildFile; fileRef = 4A16E2E3268783E10026A106 /* Landmark.swift */; };
		4A16E2E62687858C0026A106 /* landmarkData.json in Resources */ = {isa = PBXBuildFile; fileRef = 4A16E2E52687858C0026A106 /* landmarkData.json */; };
		4A544F46268A474300FCDCDD /* Data.swift in Sources */ = {isa = PBXBuildFile; fileRef = 4A544F45268A474300FCDCDD /* Data.swift */; };
		4A759CD4268E74EB00A33E08 /* DetailView.swift in Sources */ = {isa = PBXBuildFile; fileRef = 4A759CD3268E74EB00A33E08 /* DetailView.swift */; };
		4A8734FD268B8C5800265B66 /* IsFavoriteCell.swift in Sources */ = {isa = PBXBuildFile; fileRef = 4A8734FC268B8C5800265B66 /* IsFavoriteCell.swift */; };
		4A8734FF268B90D900265B66 /* MyConstant.swift in Sources */ = {isa = PBXBuildFile; fileRef = 4A8734FE268B90D900265B66 /* MyConstant.swift */; };
		4A873502268BC90600265B66 /* DetailLandmarksViewController.swift in Sources */ = {isa = PBXBuildFile; fileRef = 4A873501268BC90600265B66 /* DetailLandmarksViewController.swift */; };
		4A999DCF26869DDD0029306C /* SnapKit.xcframework in Frameworks */ = {isa = PBXBuildFile; fileRef = 4A999DCE26869DDD0029306C /* SnapKit.xcframework */; };
		4A999DD026869DDD0029306C /* SnapKit.xcframework in Embed Frameworks */ = {isa = PBXBuildFile; fileRef = 4A999DCE26869DDD0029306C /* SnapKit.xcframework */; settings = {ATTRIBUTES = (CodeSignOnCopy, RemoveHeadersOnCopy, ); }; };
		4A999DDC2686A05F0029306C /* DataProvider.swift in Sources */ = {isa = PBXBuildFile; fileRef = 4A999DDB2686A05F0029306C /* DataProvider.swift */; };
		4A999DDE2686A0920029306C /* LandmarksRouter.swift in Sources */ = {isa = PBXBuildFile; fileRef = 4A999DDD2686A0920029306C /* LandmarksRouter.swift */; };
		4A999DE02686A0B90029306C /* LandmarksPresenter.swift in Sources */ = {isa = PBXBuildFile; fileRef = 4A999DDF2686A0B90029306C /* LandmarksPresenter.swift */; };
		4A999DE22686A0DD0029306C /* LandmarksInteractor .swift in Sources */ = {isa = PBXBuildFile; fileRef = 4A999DE12686A0DD0029306C /* LandmarksInteractor .swift */; };
		4A999DE42686A1280029306C /* LandmarksAssembly .swift in Sources */ = {isa = PBXBuildFile; fileRef = 4A999DE32686A1280029306C /* LandmarksAssembly .swift */; };
		4A999DE62686A1EC0029306C /* ILandmarksPresenter.swift in Sources */ = {isa = PBXBuildFile; fileRef = 4A999DE52686A1EC0029306C /* ILandmarksPresenter.swift */; };
		4A999DE82686A2490029306C /* ILandmarksRouter.swift in Sources */ = {isa = PBXBuildFile; fileRef = 4A999DE72686A2490029306C /* ILandmarksRouter.swift */; };
		4A999DEA2686A2850029306C /* ILandmarksInteractor.swift in Sources */ = {isa = PBXBuildFile; fileRef = 4A999DE92686A2850029306C /* ILandmarksInteractor.swift */; };
		4AC8D04926889B1500C9FBDA /* LandmarksCell.swift in Sources */ = {isa = PBXBuildFile; fileRef = 4AC8D04826889B1500C9FBDA /* LandmarksCell.swift */; };
		4AC8D04B2688DF9600C9FBDA /* LandmarksViewController+TableView.swift in Sources */ = {isa = PBXBuildFile; fileRef = 4AC8D04A2688DF9600C9FBDA /* LandmarksViewController+TableView.swift */; };
		4AC8D04E268903BC00C9FBDA /* UIColor.swift in Sources */ = {isa = PBXBuildFile; fileRef = 4AC8D04D268903BC00C9FBDA /* UIColor.swift */; };
		4AC8D0502689055A00C9FBDA /* Color.swift in Sources */ = {isa = PBXBuildFile; fileRef = 4AC8D04F2689055A00C9FBDA /* Color.swift */; };
		4AD4867B2684D5F9005295C3 /* AppDelegate.swift in Sources */ = {isa = PBXBuildFile; fileRef = 4AD4867A2684D5F9005295C3 /* AppDelegate.swift */; };
		4AD4867D2684D5F9005295C3 /* SceneDelegate.swift in Sources */ = {isa = PBXBuildFile; fileRef = 4AD4867C2684D5F9005295C3 /* SceneDelegate.swift */; };
		4AD4867F2684D5F9005295C3 /* LandmarksViewController.swift in Sources */ = {isa = PBXBuildFile; fileRef = 4AD4867E2684D5F9005295C3 /* LandmarksViewController.swift */; };
		4AD486842684D5FB005295C3 /* Assets.xcassets in Resources */ = {isa = PBXBuildFile; fileRef = 4AD486832684D5FB005295C3 /* Assets.xcassets */; };
		4AD486872684D5FB005295C3 /* LaunchScreen.storyboard in Resources */ = {isa = PBXBuildFile; fileRef = 4AD486852684D5FB005295C3 /* LaunchScreen.storyboard */; };
		4AD486912684D71C005295C3 /* .gitignore in Resources */ = {isa = PBXBuildFile; fileRef = 4AD486902684D71C005295C3 /* .gitignore */; };
/* End PBXBuildFile section */

/* Begin PBXCopyFilesBuildPhase section */
		4A999DD126869DDD0029306C /* Embed Frameworks */ = {
			isa = PBXCopyFilesBuildPhase;
			buildActionMask = 2147483647;
			dstPath = "";
			dstSubfolderSpec = 10;
			files = (
				4A999DD026869DDD0029306C /* SnapKit.xcframework in Embed Frameworks */,
			);
			name = "Embed Frameworks";
			runOnlyForDeploymentPostprocessing = 0;
		};
/* End PBXCopyFilesBuildPhase section */

/* Begin PBXFileReference section */
		4A15DEE6268690650093E7E3 /* SnapKit.framework */ = {isa = PBXFileReference; lastKnownFileType = wrapper.framework; name = SnapKit.framework; path = Carthage/Build/iOS/SnapKit.framework; sourceTree = "<group>"; };
		4A16E2DE2686A5FE0026A106 /* ILandmarksView.swift */ = {isa = PBXFileReference; lastKnownFileType = sourcecode.swift; path = ILandmarksView.swift; sourceTree = "<group>"; };
		4A16E2E02686A7DB0026A106 /* IDataProvider.swift */ = {isa = PBXFileReference; lastKnownFileType = sourcecode.swift; path = IDataProvider.swift; sourceTree = "<group>"; };
		4A16E2E3268783E10026A106 /* Landmark.swift */ = {isa = PBXFileReference; lastKnownFileType = sourcecode.swift; path = Landmark.swift; sourceTree = "<group>"; };
		4A16E2E52687858C0026A106 /* landmarkData.json */ = {isa = PBXFileReference; fileEncoding = 4; lastKnownFileType = text.json; name = landmarkData.json; path = "../../../../Downloads/TestTask /Тестовое задание/landmarkData.json"; sourceTree = "<group>"; };
		4A544F45268A474300FCDCDD /* Data.swift */ = {isa = PBXFileReference; lastKnownFileType = sourcecode.swift; path = Data.swift; sourceTree = "<group>"; };
		4A759CD3268E74EB00A33E08 /* DetailView.swift */ = {isa = PBXFileReference; lastKnownFileType = sourcecode.swift; path = DetailView.swift; sourceTree = "<group>"; };
		4A8734FC268B8C5800265B66 /* IsFavoriteCell.swift */ = {isa = PBXFileReference; lastKnownFileType = sourcecode.swift; path = IsFavoriteCell.swift; sourceTree = "<group>"; };
		4A8734FE268B90D900265B66 /* MyConstant.swift */ = {isa = PBXFileReference; lastKnownFileType = sourcecode.swift; path = MyConstant.swift; sourceTree = "<group>"; };
		4A873501268BC90600265B66 /* DetailLandmarksViewController.swift */ = {isa = PBXFileReference; lastKnownFileType = sourcecode.swift; path = DetailLandmarksViewController.swift; sourceTree = "<group>"; };
		4A999DCE26869DDD0029306C /* SnapKit.xcframework */ = {isa = PBXFileReference; lastKnownFileType = wrapper.xcframework; name = SnapKit.xcframework; path = Carthage/Build/SnapKit.xcframework; sourceTree = "<group>"; };
		4A999DDB2686A05F0029306C /* DataProvider.swift */ = {isa = PBXFileReference; lastKnownFileType = sourcecode.swift; path = DataProvider.swift; sourceTree = "<group>"; };
		4A999DDD2686A0920029306C /* LandmarksRouter.swift */ = {isa = PBXFileReference; lastKnownFileType = sourcecode.swift; path = LandmarksRouter.swift; sourceTree = "<group>"; };
		4A999DDF2686A0B90029306C /* LandmarksPresenter.swift */ = {isa = PBXFileReference; lastKnownFileType = sourcecode.swift; path = LandmarksPresenter.swift; sourceTree = "<group>"; };
		4A999DE12686A0DD0029306C /* LandmarksInteractor .swift */ = {isa = PBXFileReference; lastKnownFileType = sourcecode.swift; path = "LandmarksInteractor .swift"; sourceTree = "<group>"; };
		4A999DE32686A1280029306C /* LandmarksAssembly .swift */ = {isa = PBXFileReference; lastKnownFileType = sourcecode.swift; path = "LandmarksAssembly .swift"; sourceTree = "<group>"; };
		4A999DE52686A1EC0029306C /* ILandmarksPresenter.swift */ = {isa = PBXFileReference; lastKnownFileType = sourcecode.swift; path = ILandmarksPresenter.swift; sourceTree = "<group>"; };
		4A999DE72686A2490029306C /* ILandmarksRouter.swift */ = {isa = PBXFileReference; lastKnownFileType = sourcecode.swift; path = ILandmarksRouter.swift; sourceTree = "<group>"; };
		4A999DE92686A2850029306C /* ILandmarksInteractor.swift */ = {isa = PBXFileReference; lastKnownFileType = sourcecode.swift; path = ILandmarksInteractor.swift; sourceTree = "<group>"; };
		4AC8D04826889B1500C9FBDA /* LandmarksCell.swift */ = {isa = PBXFileReference; lastKnownFileType = sourcecode.swift; path = LandmarksCell.swift; sourceTree = "<group>"; };
		4AC8D04A2688DF9600C9FBDA /* LandmarksViewController+TableView.swift */ = {isa = PBXFileReference; lastKnownFileType = sourcecode.swift; path = "LandmarksViewController+TableView.swift"; sourceTree = "<group>"; };
		4AC8D04D268903BC00C9FBDA /* UIColor.swift */ = {isa = PBXFileReference; lastKnownFileType = sourcecode.swift; path = UIColor.swift; sourceTree = "<group>"; };
		4AC8D04F2689055A00C9FBDA /* Color.swift */ = {isa = PBXFileReference; lastKnownFileType = sourcecode.swift; path = Color.swift; sourceTree = "<group>"; };
		4AD486772684D5F9005295C3 /* LandmarksTest.app */ = {isa = PBXFileReference; explicitFileType = wrapper.application; includeInIndex = 0; path = LandmarksTest.app; sourceTree = BUILT_PRODUCTS_DIR; };
		4AD4867A2684D5F9005295C3 /* AppDelegate.swift */ = {isa = PBXFileReference; lastKnownFileType = sourcecode.swift; path = AppDelegate.swift; sourceTree = "<group>"; };
		4AD4867C2684D5F9005295C3 /* SceneDelegate.swift */ = {isa = PBXFileReference; lastKnownFileType = sourcecode.swift; path = SceneDelegate.swift; sourceTree = "<group>"; };
		4AD4867E2684D5F9005295C3 /* LandmarksViewController.swift */ = {isa = PBXFileReference; lastKnownFileType = sourcecode.swift; path = LandmarksViewController.swift; sourceTree = "<group>"; };
		4AD486832684D5FB005295C3 /* Assets.xcassets */ = {isa = PBXFileReference; lastKnownFileType = folder.assetcatalog; path = Assets.xcassets; sourceTree = "<group>"; };
		4AD486862684D5FB005295C3 /* Base */ = {isa = PBXFileReference; lastKnownFileType = file.storyboard; name = Base; path = Base.lproj/LaunchScreen.storyboard; sourceTree = "<group>"; };
		4AD486882684D5FB005295C3 /* Info.plist */ = {isa = PBXFileReference; lastKnownFileType = text.plist.xml; path = Info.plist; sourceTree = "<group>"; };
		4AD486902684D71C005295C3 /* .gitignore */ = {isa = PBXFileReference; lastKnownFileType = text; path = .gitignore; sourceTree = "<group>"; };
/* End PBXFileReference section */

/* Begin PBXFrameworksBuildPhase section */
		4AD486742684D5F9005295C3 /* Frameworks */ = {
			isa = PBXFrameworksBuildPhase;
			buildActionMask = 2147483647;
			files = (
				4A999DCF26869DDD0029306C /* SnapKit.xcframework in Frameworks */,
			);
			runOnlyForDeploymentPostprocessing = 0;
		};
/* End PBXFrameworksBuildPhase section */

/* Begin PBXGroup section */
		4A15DEE5268690650093E7E3 /* Frameworks */ = {
			isa = PBXGroup;
			children = (
				4A999DCE26869DDD0029306C /* SnapKit.xcframework */,
				4A15DEE6268690650093E7E3 /* SnapKit.framework */,
			);
			name = Frameworks;
			sourceTree = "<group>";
		};
		4A16E2E2268783D40026A106 /* Worker */ = {
			isa = PBXGroup;
			children = (
				4A16E2E3268783E10026A106 /* Landmark.swift */,
				4AC8D04F2689055A00C9FBDA /* Color.swift */,
				4A544F45268A474300FCDCDD /* Data.swift */,
				4A8734FE268B90D900265B66 /* MyConstant.swift */,
			);
			path = Worker;
			sourceTree = "<group>";
		};
		4A873503268BC91000265B66 /* LandmarksViewController */ = {
			isa = PBXGroup;
			children = (
				4AD4867E2684D5F9005295C3 /* LandmarksViewController.swift */,
				4A16E2DE2686A5FE0026A106 /* ILandmarksView.swift */,
				4AC8D04A2688DF9600C9FBDA /* LandmarksViewController+TableView.swift */,
			);
			path = LandmarksViewController;
			sourceTree = "<group>";
		};
		4A873504268BC92B00265B66 /* DetailLandmarksViewController */ = {
			isa = PBXGroup;
			children = (
				4A873501268BC90600265B66 /* DetailLandmarksViewController.swift */,
				4A759CD3268E74EB00A33E08 /* DetailView.swift */,
			);
			path = DetailLandmarksViewController;
			sourceTree = "<group>";
		};
		4A999DD326869FB60029306C /* ViewConrollers */ = {
			isa = PBXGroup;
			children = (
				4A873503268BC91000265B66 /* LandmarksViewController */,
				4A873504268BC92B00265B66 /* DetailLandmarksViewController */,
			);
			path = ViewConrollers;
			sourceTree = "<group>";
		};
		4A999DD426869FC60029306C /* SupportingFiles */ = {
			isa = PBXGroup;
			children = (
				4AD4867A2684D5F9005295C3 /* AppDelegate.swift */,
				4AD4867C2684D5F9005295C3 /* SceneDelegate.swift */,
			);
			path = SupportingFiles;
			sourceTree = "<group>";
		};
		4A999DD526869FD60029306C /* Resources */ = {
			isa = PBXGroup;
			children = (
				4AD486832684D5FB005295C3 /* Assets.xcassets */,
				4A16E2E52687858C0026A106 /* landmarkData.json */,
				4AD486882684D5FB005295C3 /* Info.plist */,
			);
			path = Resources;
			sourceTree = "<group>";
		};
		4A999DD62686A0010029306C /* Storyboards */ = {
			isa = PBXGroup;
			children = (
				4AD486852684D5FB005295C3 /* LaunchScreen.storyboard */,
			);
			path = Storyboards;
			sourceTree = "<group>";
		};
		4A999DD72686A00F0029306C /* Interactor  */ = {
			isa = PBXGroup;
			children = (
				4A999DE12686A0DD0029306C /* LandmarksInteractor .swift */,
				4A999DE92686A2850029306C /* ILandmarksInteractor.swift */,
			);
			path = "Interactor ";
			sourceTree = "<group>";
		};
		4A999DD82686A0240029306C /* Presenter  */ = {
			isa = PBXGroup;
			children = (
				4A999DDF2686A0B90029306C /* LandmarksPresenter.swift */,
				4A999DE52686A1EC0029306C /* ILandmarksPresenter.swift */,
			);
			path = "Presenter ";
			sourceTree = "<group>";
		};
		4A999DD92686A0300029306C /* Router */ = {
			isa = PBXGroup;
			children = (
				4A999DDD2686A0920029306C /* LandmarksRouter.swift */,
				4A999DE72686A2490029306C /* ILandmarksRouter.swift */,
			);
			path = Router;
			sourceTree = "<group>";
		};
		4A999DDA2686A03C0029306C /* Provider */ = {
			isa = PBXGroup;
			children = (
				4A999DDB2686A05F0029306C /* DataProvider.swift */,
				4A16E2E02686A7DB0026A106 /* IDataProvider.swift */,
			);
			path = Provider;
			sourceTree = "<group>";
		};
		4AC8D04726889AEB00C9FBDA /* Cell */ = {
			isa = PBXGroup;
			children = (
				4AC8D04826889B1500C9FBDA /* LandmarksCell.swift */,
				4A8734FC268B8C5800265B66 /* IsFavoriteCell.swift */,
			);
			path = Cell;
			sourceTree = "<group>";
		};
		4AC8D04C268903AD00C9FBDA /* Extension */ = {
			isa = PBXGroup;
			children = (
				4AC8D04D268903BC00C9FBDA /* UIColor.swift */,
			);
			path = Extension;
			sourceTree = "<group>";
		};
		4AD4866E2684D5F9005295C3 = {
			isa = PBXGroup;
			children = (
				4AD486902684D71C005295C3 /* .gitignore */,
				4AD486792684D5F9005295C3 /* LandmarksTest */,
				4AD486782684D5F9005295C3 /* Products */,
				4A15DEE5268690650093E7E3 /* Frameworks */,
			);
			sourceTree = "<group>";
		};
		4AD486782684D5F9005295C3 /* Products */ = {
			isa = PBXGroup;
			children = (
				4AD486772684D5F9005295C3 /* LandmarksTest.app */,
			);
			name = Products;
			sourceTree = "<group>";
		};
		4AD486792684D5F9005295C3 /* LandmarksTest */ = {
			isa = PBXGroup;
			children = (
				4AC8D04C268903AD00C9FBDA /* Extension */,
				4A999DE32686A1280029306C /* LandmarksAssembly .swift */,
				4AC8D04726889AEB00C9FBDA /* Cell */,
				4A999DD326869FB60029306C /* ViewConrollers */,
				4A16E2E2268783D40026A106 /* Worker */,
				4A999DDA2686A03C0029306C /* Provider */,
				4A999DD92686A0300029306C /* Router */,
				4A999DD82686A0240029306C /* Presenter  */,
				4A999DD72686A00F0029306C /* Interactor  */,
				4A999DD426869FC60029306C /* SupportingFiles */,
				4A999DD62686A0010029306C /* Storyboards */,
				4A999DD526869FD60029306C /* Resources */,
			);
			path = LandmarksTest;
			sourceTree = "<group>";
		};
/* End PBXGroup section */

/* Begin PBXNativeTarget section */
		4AD486762684D5F9005295C3 /* LandmarksTest */ = {
			isa = PBXNativeTarget;
			buildConfigurationList = 4AD4868B2684D5FB005295C3 /* Build configuration list for PBXNativeTarget "LandmarksTest" */;
			buildPhases = (
				4AD486732684D5F9005295C3 /* Sources */,
				4AD486742684D5F9005295C3 /* Frameworks */,
				4AD486752684D5F9005295C3 /* Resources */,
				4A999DD126869DDD0029306C /* Embed Frameworks */,
			);
			buildRules = (
			);
			dependencies = (
			);
			name = LandmarksTest;
			productName = LandmarksTest;
			productReference = 4AD486772684D5F9005295C3 /* LandmarksTest.app */;
			productType = "com.apple.product-type.application";
		};
/* End PBXNativeTarget section */

/* Begin PBXProject section */
		4AD4866F2684D5F9005295C3 /* Project object */ = {
			isa = PBXProject;
			attributes = {
				LastSwiftUpdateCheck = 1240;
				LastUpgradeCheck = 1240;
				TargetAttributes = {
					4AD486762684D5F9005295C3 = {
						CreatedOnToolsVersion = 12.4;
					};
				};
			};
			buildConfigurationList = 4AD486722684D5F9005295C3 /* Build configuration list for PBXProject "LandmarksTest" */;
			compatibilityVersion = "Xcode 9.3";
			developmentRegion = en;
			hasScannedForEncodings = 0;
			knownRegions = (
				en,
				Base,
			);
			mainGroup = 4AD4866E2684D5F9005295C3;
			productRefGroup = 4AD486782684D5F9005295C3 /* Products */;
			projectDirPath = "";
			projectRoot = "";
			targets = (
				4AD486762684D5F9005295C3 /* LandmarksTest */,
			);
		};
/* End PBXProject section */

/* Begin PBXResourcesBuildPhase section */
		4AD486752684D5F9005295C3 /* Resources */ = {
			isa = PBXResourcesBuildPhase;
			buildActionMask = 2147483647;
			files = (
				4AD486912684D71C005295C3 /* .gitignore in Resources */,
				4AD486872684D5FB005295C3 /* LaunchScreen.storyboard in Resources */,
				4AD486842684D5FB005295C3 /* Assets.xcassets in Resources */,
				4A16E2E62687858C0026A106 /* landmarkData.json in Resources */,
			);
			runOnlyForDeploymentPostprocessing = 0;
		};
/* End PBXResourcesBuildPhase section */

/* Begin PBXSourcesBuildPhase section */
		4AD486732684D5F9005295C3 /* Sources */ = {
			isa = PBXSourcesBuildPhase;
			buildActionMask = 2147483647;
			files = (
				4A16E2DF2686A5FE0026A106 /* ILandmarksView.swift in Sources */,
				4A999DE42686A1280029306C /* LandmarksAssembly .swift in Sources */,
				4A999DE02686A0B90029306C /* LandmarksPresenter.swift in Sources */,
				4A16E2E12686A7DB0026A106 /* IDataProvider.swift in Sources */,
				4A999DE62686A1EC0029306C /* ILandmarksPresenter.swift in Sources */,
				4AD4867F2684D5F9005295C3 /* LandmarksViewController.swift in Sources */,
				4A16E2E4268783E10026A106 /* Landmark.swift in Sources */,
				4A999DEA2686A2850029306C /* ILandmarksInteractor.swift in Sources */,
				4AC8D04E268903BC00C9FBDA /* UIColor.swift in Sources */,
				4AD4867B2684D5F9005295C3 /* AppDelegate.swift in Sources */,
				4A544F46268A474300FCDCDD /* Data.swift in Sources */,
				4A8734FD268B8C5800265B66 /* IsFavoriteCell.swift in Sources */,
				4A8734FF268B90D900265B66 /* MyConstant.swift in Sources */,
				4AC8D0502689055A00C9FBDA /* Color.swift in Sources */,
				4AC8D04B2688DF9600C9FBDA /* LandmarksViewController+TableView.swift in Sources */,
				4A999DDC2686A05F0029306C /* DataProvider.swift in Sources */,
				4AC8D04926889B1500C9FBDA /* LandmarksCell.swift in Sources */,
				4A759CD4268E74EB00A33E08 /* DetailView.swift in Sources */,
				4A999DE22686A0DD0029306C /* LandmarksInteractor .swift in Sources */,
				4AD4867D2684D5F9005295C3 /* SceneDelegate.swift in Sources */,
				4A999DE82686A2490029306C /* ILandmarksRouter.swift in Sources */,
				4A999DDE2686A0920029306C /* LandmarksRouter.swift in Sources */,
				4A873502268BC90600265B66 /* DetailLandmarksViewController.swift in Sources */,
			);
			runOnlyForDeploymentPostprocessing = 0;
		};
/* End PBXSourcesBuildPhase section */

/* Begin PBXVariantGroup section */
		4AD486852684D5FB005295C3 /* LaunchScreen.storyboard */ = {
			isa = PBXVariantGroup;
			children = (
				4AD486862684D5FB005295C3 /* Base */,
			);
			name = LaunchScreen.storyboard;
			sourceTree = "<group>";
		};
/* End PBXVariantGroup section */

/* Begin XCBuildConfiguration section */
		4AD486892684D5FB005295C3 /* Debug */ = {
			isa = XCBuildConfiguration;
			buildSettings = {
				ALWAYS_SEARCH_USER_PATHS = NO;
				CLANG_ANALYZER_NONNULL = YES;
				CLANG_ANALYZER_NUMBER_OBJECT_CONVERSION = YES_AGGRESSIVE;
				CLANG_CXX_LANGUAGE_STANDARD = "gnu++14";
				CLANG_CXX_LIBRARY = "libc++";
				CLANG_ENABLE_MODULES = YES;
				CLANG_ENABLE_OBJC_ARC = YES;
				CLANG_ENABLE_OBJC_WEAK = YES;
				CLANG_WARN_BLOCK_CAPTURE_AUTORELEASING = YES;
				CLANG_WARN_BOOL_CONVERSION = YES;
				CLANG_WARN_COMMA = YES;
				CLANG_WARN_CONSTANT_CONVERSION = YES;
				CLANG_WARN_DEPRECATED_OBJC_IMPLEMENTATIONS = YES;
				CLANG_WARN_DIRECT_OBJC_ISA_USAGE = YES_ERROR;
				CLANG_WARN_DOCUMENTATION_COMMENTS = YES;
				CLANG_WARN_EMPTY_BODY = YES;
				CLANG_WARN_ENUM_CONVERSION = YES;
				CLANG_WARN_INFINITE_RECURSION = YES;
				CLANG_WARN_INT_CONVERSION = YES;
				CLANG_WARN_NON_LITERAL_NULL_CONVERSION = YES;
				CLANG_WARN_OBJC_IMPLICIT_RETAIN_SELF = YES;
				CLANG_WARN_OBJC_LITERAL_CONVERSION = YES;
				CLANG_WARN_OBJC_ROOT_CLASS = YES_ERROR;
				CLANG_WARN_QUOTED_INCLUDE_IN_FRAMEWORK_HEADER = YES;
				CLANG_WARN_RANGE_LOOP_ANALYSIS = YES;
				CLANG_WARN_STRICT_PROTOTYPES = YES;
				CLANG_WARN_SUSPICIOUS_MOVE = YES;
				CLANG_WARN_UNGUARDED_AVAILABILITY = YES_AGGRESSIVE;
				CLANG_WARN_UNREACHABLE_CODE = YES;
				CLANG_WARN__DUPLICATE_METHOD_MATCH = YES;
				COPY_PHASE_STRIP = NO;
				DEBUG_INFORMATION_FORMAT = dwarf;
				ENABLE_STRICT_OBJC_MSGSEND = YES;
				ENABLE_TESTABILITY = YES;
				GCC_C_LANGUAGE_STANDARD = gnu11;
				GCC_DYNAMIC_NO_PIC = NO;
				GCC_NO_COMMON_BLOCKS = YES;
				GCC_OPTIMIZATION_LEVEL = 0;
				GCC_PREPROCESSOR_DEFINITIONS = (
					"DEBUG=1",
					"$(inherited)",
				);
				GCC_WARN_64_TO_32_BIT_CONVERSION = YES;
				GCC_WARN_ABOUT_RETURN_TYPE = YES_ERROR;
				GCC_WARN_UNDECLARED_SELECTOR = YES;
				GCC_WARN_UNINITIALIZED_AUTOS = YES_AGGRESSIVE;
				GCC_WARN_UNUSED_FUNCTION = YES;
				GCC_WARN_UNUSED_VARIABLE = YES;
				IPHONEOS_DEPLOYMENT_TARGET = 14.4;
				MTL_ENABLE_DEBUG_INFO = INCLUDE_SOURCE;
				MTL_FAST_MATH = YES;
				ONLY_ACTIVE_ARCH = YES;
				SDKROOT = iphoneos;
				SWIFT_ACTIVE_COMPILATION_CONDITIONS = DEBUG;
				SWIFT_OPTIMIZATION_LEVEL = "-Onone";
			};
			name = Debug;
		};
		4AD4868A2684D5FB005295C3 /* Release */ = {
			isa = XCBuildConfiguration;
			buildSettings = {
				ALWAYS_SEARCH_USER_PATHS = NO;
				CLANG_ANALYZER_NONNULL = YES;
				CLANG_ANALYZER_NUMBER_OBJECT_CONVERSION = YES_AGGRESSIVE;
				CLANG_CXX_LANGUAGE_STANDARD = "gnu++14";
				CLANG_CXX_LIBRARY = "libc++";
				CLANG_ENABLE_MODULES = YES;
				CLANG_ENABLE_OBJC_ARC = YES;
				CLANG_ENABLE_OBJC_WEAK = YES;
				CLANG_WARN_BLOCK_CAPTURE_AUTORELEASING = YES;
				CLANG_WARN_BOOL_CONVERSION = YES;
				CLANG_WARN_COMMA = YES;
				CLANG_WARN_CONSTANT_CONVERSION = YES;
				CLANG_WARN_DEPRECATED_OBJC_IMPLEMENTATIONS = YES;
				CLANG_WARN_DIRECT_OBJC_ISA_USAGE = YES_ERROR;
				CLANG_WARN_DOCUMENTATION_COMMENTS = YES;
				CLANG_WARN_EMPTY_BODY = YES;
				CLANG_WARN_ENUM_CONVERSION = YES;
				CLANG_WARN_INFINITE_RECURSION = YES;
				CLANG_WARN_INT_CONVERSION = YES;
				CLANG_WARN_NON_LITERAL_NULL_CONVERSION = YES;
				CLANG_WARN_OBJC_IMPLICIT_RETAIN_SELF = YES;
				CLANG_WARN_OBJC_LITERAL_CONVERSION = YES;
				CLANG_WARN_OBJC_ROOT_CLASS = YES_ERROR;
				CLANG_WARN_QUOTED_INCLUDE_IN_FRAMEWORK_HEADER = YES;
				CLANG_WARN_RANGE_LOOP_ANALYSIS = YES;
				CLANG_WARN_STRICT_PROTOTYPES = YES;
				CLANG_WARN_SUSPICIOUS_MOVE = YES;
				CLANG_WARN_UNGUARDED_AVAILABILITY = YES_AGGRESSIVE;
				CLANG_WARN_UNREACHABLE_CODE = YES;
				CLANG_WARN__DUPLICATE_METHOD_MATCH = YES;
				COPY_PHASE_STRIP = NO;
				DEBUG_INFORMATION_FORMAT = "dwarf-with-dsym";
				ENABLE_NS_ASSERTIONS = NO;
				ENABLE_STRICT_OBJC_MSGSEND = YES;
				GCC_C_LANGUAGE_STANDARD = gnu11;
				GCC_NO_COMMON_BLOCKS = YES;
				GCC_WARN_64_TO_32_BIT_CONVERSION = YES;
				GCC_WARN_ABOUT_RETURN_TYPE = YES_ERROR;
				GCC_WARN_UNDECLARED_SELECTOR = YES;
				GCC_WARN_UNINITIALIZED_AUTOS = YES_AGGRESSIVE;
				GCC_WARN_UNUSED_FUNCTION = YES;
				GCC_WARN_UNUSED_VARIABLE = YES;
				IPHONEOS_DEPLOYMENT_TARGET = 14.4;
				MTL_ENABLE_DEBUG_INFO = NO;
				MTL_FAST_MATH = YES;
				SDKROOT = iphoneos;
				SWIFT_COMPILATION_MODE = wholemodule;
				SWIFT_OPTIMIZATION_LEVEL = "-O";
				VALIDATE_PRODUCT = YES;
			};
			name = Release;
		};
		4AD4868C2684D5FB005295C3 /* Debug */ = {
			isa = XCBuildConfiguration;
			buildSettings = {
				ASSETCATALOG_COMPILER_APPICON_NAME = AppIcon;
				ASSETCATALOG_COMPILER_GLOBAL_ACCENT_COLOR_NAME = AccentColor;
				CODE_SIGN_STYLE = Automatic;
				DEVELOPMENT_TEAM = N5DQ465SS7;
				FRAMEWORK_SEARCH_PATHS = (
					"$(inherited)",
					"$(PROJECT_DIR)/Carthage/Build/iOS",
				);
				INFOPLIST_FILE = LandmarksTest/Resources/Info.plist;
				IPHONEOS_DEPLOYMENT_TARGET = 13.0;
				LD_RUNPATH_SEARCH_PATHS = (
					"$(inherited)",
					"@executable_path/Frameworks",
				);
				PRODUCT_BUNDLE_IDENTIFIER = "Sergey-Gnatyuk.LandmarksTest";
				PRODUCT_NAME = "$(TARGET_NAME)";
				SWIFT_VERSION = 5.0;
				TARGETED_DEVICE_FAMILY = "1,2";
			};
			name = Debug;
		};
		4AD4868D2684D5FB005295C3 /* Release */ = {
			isa = XCBuildConfiguration;
			buildSettings = {
				ASSETCATALOG_COMPILER_APPICON_NAME = AppIcon;
				ASSETCATALOG_COMPILER_GLOBAL_ACCENT_COLOR_NAME = AccentColor;
				CODE_SIGN_STYLE = Automatic;
				DEVELOPMENT_TEAM = N5DQ465SS7;
				FRAMEWORK_SEARCH_PATHS = (
					"$(inherited)",
					"$(PROJECT_DIR)/Carthage/Build/iOS",
				);
				INFOPLIST_FILE = LandmarksTest/Resources/Info.plist;
				IPHONEOS_DEPLOYMENT_TARGET = 13.0;
				LD_RUNPATH_SEARCH_PATHS = (
					"$(inherited)",
					"@executable_path/Frameworks",
				);
				PRODUCT_BUNDLE_IDENTIFIER = "Sergey-Gnatyuk.LandmarksTest";
				PRODUCT_NAME = "$(TARGET_NAME)";
				SWIFT_VERSION = 5.0;
				TARGETED_DEVICE_FAMILY = "1,2";
			};
			name = Release;
		};
/* End XCBuildConfiguration section */

/* Begin XCConfigurationList section */
		4AD486722684D5F9005295C3 /* Build configuration list for PBXProject "LandmarksTest" */ = {
			isa = XCConfigurationList;
			buildConfigurations = (
				4AD486892684D5FB005295C3 /* Debug */,
				4AD4868A2684D5FB005295C3 /* Release */,
			);
			defaultConfigurationIsVisible = 0;
			defaultConfigurationName = Release;
		};
		4AD4868B2684D5FB005295C3 /* Build configuration list for PBXNativeTarget "LandmarksTest" */ = {
			isa = XCConfigurationList;
			buildConfigurations = (
				4AD4868C2684D5FB005295C3 /* Debug */,
				4AD4868D2684D5FB005295C3 /* Release */,
			);
			defaultConfigurationIsVisible = 0;
			defaultConfigurationName = Release;
		};
/* End XCConfigurationList section */
	};
	rootObject = 4AD4866F2684D5F9005295C3 /* Project object */;
}
