// !$*UTF8*$!
{
	archiveVersion = 1;
	classes = {
	};
	objectVersion = 52;
	objects = {

/* Begin PBXBuildFile section */
		4A009D07269131CF008BA074 /* SnapKit.xcframework in Frameworks */ = {isa = PBXBuildFile; fileRef = 4A999DCE26869DDD0029306C /* SnapKit.xcframework */; };
		4A009D08269131CF008BA074 /* SnapKit.xcframework in Embed Frameworks */ = {isa = PBXBuildFile; fileRef = 4A999DCE26869DDD0029306C /* SnapKit.xcframework */; settings = {ATTRIBUTES = (CodeSignOnCopy, RemoveHeadersOnCopy, ); }; };
		4A16E2DF2686A5FE0026A106 /* ILandmarksView.swift in Sources */ = {isa = PBXBuildFile; fileRef = 4A16E2DE2686A5FE0026A106 /* ILandmarksView.swift */; };
		4A16E2E12686A7DB0026A106 /* ILandmarksDataProvider.swift in Sources */ = {isa = PBXBuildFile; fileRef = 4A16E2E02686A7DB0026A106 /* ILandmarksDataProvider.swift */; };
		4A16E2E4268783E10026A106 /* Landmarks.swift in Sources */ = {isa = PBXBuildFile; fileRef = 4A16E2E3268783E10026A106 /* Landmarks.swift */; };
		4A240DFC26926AFF00F08577 /* DetailsLandmarksDataProvider.swift in Sources */ = {isa = PBXBuildFile; fileRef = 4A009D142691337C008BA074 /* DetailsLandmarksDataProvider.swift */; };
		4A240DFD26926B2400F08577 /* IDetailsLandmarksDataProvider.swift in Sources */ = {isa = PBXBuildFile; fileRef = 4A009D152691337C008BA074 /* IDetailsLandmarksDataProvider.swift */; };
		4A240E022692720D00F08577 /* DetailsLandmarksService.swift in Sources */ = {isa = PBXBuildFile; fileRef = 4A240E012692720D00F08577 /* DetailsLandmarksService.swift */; };
		4A240E0826927B0300F08577 /* DetailsLandmarksViewControllers+IDetailsLandmarksLogic.swift in Sources */ = {isa = PBXBuildFile; fileRef = 4A240E0726927B0300F08577 /* DetailsLandmarksViewControllers+IDetailsLandmarksLogic.swift */; };
		4A240E0B269283E300F08577 /* DetailsLandmarksAssembly.swift in Sources */ = {isa = PBXBuildFile; fileRef = 4A240E0A269283E300F08577 /* DetailsLandmarksAssembly.swift */; };
		4A43C05A269247290058807B /* IDetailsLandmarksInteractor.swift in Sources */ = {isa = PBXBuildFile; fileRef = 4A009D122691337B008BA074 /* IDetailsLandmarksInteractor.swift */; };
		4A43C05C26924A7C0058807B /* IDetailsLandmarksPresenter.swift in Sources */ = {isa = PBXBuildFile; fileRef = 4A009D10269132A5008BA074 /* IDetailsLandmarksPresenter.swift */; };
		4A43C06026925D220058807B /* ImageStore.swift in Sources */ = {isa = PBXBuildFile; fileRef = 4A43C05F26925D220058807B /* ImageStore.swift */; };
		4A44C83326928927006EAEE7 /* DetailsLandmarksInteractor .swift in Sources */ = {isa = PBXBuildFile; fileRef = 4A009D112691337B008BA074 /* DetailsLandmarksInteractor .swift */; };
		4A5AA7132694C1B5003D7233 /* DetailedLandmarkViewModel.swift in Sources */ = {isa = PBXBuildFile; fileRef = 4A5AA7122694C1B5003D7233 /* DetailedLandmarkViewModel.swift */; };
		4A5AA7162694CED6003D7233 /* IDetailsLandmarksService.swift in Sources */ = {isa = PBXBuildFile; fileRef = 4A5AA7152694CED6003D7233 /* IDetailsLandmarksService.swift */; };
		4A759CD4268E74EB00A33E08 /* DetailView.swift in Sources */ = {isa = PBXBuildFile; fileRef = 4A759CD3268E74EB00A33E08 /* DetailView.swift */; };
		4A8734FD268B8C5800265B66 /* FavoriteCell.swift in Sources */ = {isa = PBXBuildFile; fileRef = 4A8734FC268B8C5800265B66 /* FavoriteCell.swift */; };
		4A8734FF268B90D900265B66 /* Size.swift in Sources */ = {isa = PBXBuildFile; fileRef = 4A8734FE268B90D900265B66 /* Size.swift */; };
		4A873502268BC90600265B66 /* DetailsLandmarksViewController.swift in Sources */ = {isa = PBXBuildFile; fileRef = 4A873501268BC90600265B66 /* DetailsLandmarksViewController.swift */; };
		4A9686142692859E00820AB8 /* IDetailsLandmarksView.swift in Sources */ = {isa = PBXBuildFile; fileRef = 4A9686132692859E00820AB8 /* IDetailsLandmarksView.swift */; };
		4A968615269287D200820AB8 /* DetailsLandmarksPresenter.swift in Sources */ = {isa = PBXBuildFile; fileRef = 4A009D0F269132A4008BA074 /* DetailsLandmarksPresenter.swift */; };
		4A999DDC2686A05F0029306C /* LandmarksDataProvider.swift in Sources */ = {isa = PBXBuildFile; fileRef = 4A999DDB2686A05F0029306C /* LandmarksDataProvider.swift */; };
		4A999DDE2686A0920029306C /* LandmarksRouter.swift in Sources */ = {isa = PBXBuildFile; fileRef = 4A999DDD2686A0920029306C /* LandmarksRouter.swift */; };
		4A999DE02686A0B90029306C /* LandmarksPresenter.swift in Sources */ = {isa = PBXBuildFile; fileRef = 4A999DDF2686A0B90029306C /* LandmarksPresenter.swift */; };
		4A999DE22686A0DD0029306C /* LandmarksInteractor .swift in Sources */ = {isa = PBXBuildFile; fileRef = 4A999DE12686A0DD0029306C /* LandmarksInteractor .swift */; };
		4A999DE42686A1280029306C /* LandmarksAssembly .swift in Sources */ = {isa = PBXBuildFile; fileRef = 4A999DE32686A1280029306C /* LandmarksAssembly .swift */; };
		4A999DE62686A1EC0029306C /* ILandmarksPresenter.swift in Sources */ = {isa = PBXBuildFile; fileRef = 4A999DE52686A1EC0029306C /* ILandmarksPresenter.swift */; };
		4A999DE82686A2490029306C /* ILandmarksRouter.swift in Sources */ = {isa = PBXBuildFile; fileRef = 4A999DE72686A2490029306C /* ILandmarksRouter.swift */; };
		4A999DEA2686A2850029306C /* ILandmarksInteractor.swift in Sources */ = {isa = PBXBuildFile; fileRef = 4A999DE92686A2850029306C /* ILandmarksInteractor.swift */; };
		4AA87698269221DF00581FC5 /* Identifiers.swift in Sources */ = {isa = PBXBuildFile; fileRef = 4AA87697269221DF00581FC5 /* Identifiers.swift */; };
		4AA8769A2692334000581FC5 /* LandmarksViewController+ILandmarksView.swift in Sources */ = {isa = PBXBuildFile; fileRef = 4AA876992692334000581FC5 /* LandmarksViewController+ILandmarksView.swift */; };
		4AA8769E26923F3100581FC5 /* landmarkData.json in Resources */ = {isa = PBXBuildFile; fileRef = 4AA8769D26923F3100581FC5 /* landmarkData.json */; };
		4AC8D04926889B1500C9FBDA /* LandmarksCell.swift in Sources */ = {isa = PBXBuildFile; fileRef = 4AC8D04826889B1500C9FBDA /* LandmarksCell.swift */; };
		4AC8D04E268903BC00C9FBDA /* UIColor.swift in Sources */ = {isa = PBXBuildFile; fileRef = 4AC8D04D268903BC00C9FBDA /* UIColor.swift */; };
		4AC8D0502689055A00C9FBDA /* Colors.swift in Sources */ = {isa = PBXBuildFile; fileRef = 4AC8D04F2689055A00C9FBDA /* Colors.swift */; };
		4AD4867B2684D5F9005295C3 /* AppDelegate.swift in Sources */ = {isa = PBXBuildFile; fileRef = 4AD4867A2684D5F9005295C3 /* AppDelegate.swift */; };
		4AD4867D2684D5F9005295C3 /* SceneDelegate.swift in Sources */ = {isa = PBXBuildFile; fileRef = 4AD4867C2684D5F9005295C3 /* SceneDelegate.swift */; };
		4AD4867F2684D5F9005295C3 /* LandmarksViewController.swift in Sources */ = {isa = PBXBuildFile; fileRef = 4AD4867E2684D5F9005295C3 /* LandmarksViewController.swift */; };
		4AD486842684D5FB005295C3 /* Assets.xcassets in Resources */ = {isa = PBXBuildFile; fileRef = 4AD486832684D5FB005295C3 /* Assets.xcassets */; };
		4AD486872684D5FB005295C3 /* LaunchScreen.storyboard in Resources */ = {isa = PBXBuildFile; fileRef = 4AD486852684D5FB005295C3 /* LaunchScreen.storyboard */; };
		4AD486912684D71C005295C3 /* .gitignore in Resources */ = {isa = PBXBuildFile; fileRef = 4AD486902684D71C005295C3 /* .gitignore */; };
		4ADF1075268F642600F9D997 /* UIImageView.swift in Sources */ = {isa = PBXBuildFile; fileRef = 4ADF1074268F642600F9D997 /* UIImageView.swift */; };
/* End PBXBuildFile section */

/* Begin PBXCopyFilesBuildPhase section */
		4A009D09269131CF008BA074 /* Embed Frameworks */ = {
			isa = PBXCopyFilesBuildPhase;
			buildActionMask = 2147483647;
			dstPath = "";
			dstSubfolderSpec = 10;
			files = (
				4A009D08269131CF008BA074 /* SnapKit.xcframework in Embed Frameworks */,
			);
			name = "Embed Frameworks";
			runOnlyForDeploymentPostprocessing = 0;
		};
/* End PBXCopyFilesBuildPhase section */

/* Begin PBXFileReference section */
		4A009D0F269132A4008BA074 /* DetailsLandmarksPresenter.swift */ = {isa = PBXFileReference; lastKnownFileType = sourcecode.swift; path = DetailsLandmarksPresenter.swift; sourceTree = "<group>"; };
		4A009D10269132A5008BA074 /* IDetailsLandmarksPresenter.swift */ = {isa = PBXFileReference; lastKnownFileType = sourcecode.swift; path = IDetailsLandmarksPresenter.swift; sourceTree = "<group>"; };
		4A009D112691337B008BA074 /* DetailsLandmarksInteractor .swift */ = {isa = PBXFileReference; lastKnownFileType = sourcecode.swift; path = "DetailsLandmarksInteractor .swift"; sourceTree = "<group>"; };
		4A009D122691337B008BA074 /* IDetailsLandmarksInteractor.swift */ = {isa = PBXFileReference; lastKnownFileType = sourcecode.swift; path = IDetailsLandmarksInteractor.swift; sourceTree = "<group>"; };
		4A009D142691337C008BA074 /* DetailsLandmarksDataProvider.swift */ = {isa = PBXFileReference; lastKnownFileType = sourcecode.swift; path = DetailsLandmarksDataProvider.swift; sourceTree = "<group>"; };
		4A009D152691337C008BA074 /* IDetailsLandmarksDataProvider.swift */ = {isa = PBXFileReference; lastKnownFileType = sourcecode.swift; path = IDetailsLandmarksDataProvider.swift; sourceTree = "<group>"; };
		4A15DEE6268690650093E7E3 /* SnapKit.framework */ = {isa = PBXFileReference; lastKnownFileType = wrapper.framework; name = SnapKit.framework; path = Carthage/Build/iOS/SnapKit.framework; sourceTree = "<group>"; };
		4A16E2DE2686A5FE0026A106 /* ILandmarksView.swift */ = {isa = PBXFileReference; lastKnownFileType = sourcecode.swift; path = ILandmarksView.swift; sourceTree = "<group>"; };
		4A16E2E02686A7DB0026A106 /* ILandmarksDataProvider.swift */ = {isa = PBXFileReference; lastKnownFileType = sourcecode.swift; path = ILandmarksDataProvider.swift; sourceTree = "<group>"; };
		4A16E2E3268783E10026A106 /* Landmarks.swift */ = {isa = PBXFileReference; lastKnownFileType = sourcecode.swift; path = Landmarks.swift; sourceTree = "<group>"; };
		4A240E012692720D00F08577 /* DetailsLandmarksService.swift */ = {isa = PBXFileReference; lastKnownFileType = sourcecode.swift; path = DetailsLandmarksService.swift; sourceTree = "<group>"; };
		4A240E0726927B0300F08577 /* DetailsLandmarksViewControllers+IDetailsLandmarksLogic.swift */ = {isa = PBXFileReference; lastKnownFileType = sourcecode.swift; path = "DetailsLandmarksViewControllers+IDetailsLandmarksLogic.swift"; sourceTree = "<group>"; };
		4A240E0A269283E300F08577 /* DetailsLandmarksAssembly.swift */ = {isa = PBXFileReference; lastKnownFileType = sourcecode.swift; path = DetailsLandmarksAssembly.swift; sourceTree = "<group>"; };
		4A43C05F26925D220058807B /* ImageStore.swift */ = {isa = PBXFileReference; lastKnownFileType = sourcecode.swift; path = ImageStore.swift; sourceTree = "<group>"; };
		4A5AA7122694C1B5003D7233 /* DetailedLandmarkViewModel.swift */ = {isa = PBXFileReference; lastKnownFileType = sourcecode.swift; path = DetailedLandmarkViewModel.swift; sourceTree = "<group>"; };
		4A5AA7152694CED6003D7233 /* IDetailsLandmarksService.swift */ = {isa = PBXFileReference; lastKnownFileType = sourcecode.swift; path = IDetailsLandmarksService.swift; sourceTree = "<group>"; };
		4A759CD3268E74EB00A33E08 /* DetailView.swift */ = {isa = PBXFileReference; lastKnownFileType = sourcecode.swift; path = DetailView.swift; sourceTree = "<group>"; };
		4A8734FC268B8C5800265B66 /* FavoriteCell.swift */ = {isa = PBXFileReference; lastKnownFileType = sourcecode.swift; path = FavoriteCell.swift; sourceTree = "<group>"; };
		4A8734FE268B90D900265B66 /* Size.swift */ = {isa = PBXFileReference; lastKnownFileType = sourcecode.swift; path = Size.swift; sourceTree = "<group>"; };
		4A873501268BC90600265B66 /* DetailsLandmarksViewController.swift */ = {isa = PBXFileReference; lastKnownFileType = sourcecode.swift; path = DetailsLandmarksViewController.swift; sourceTree = "<group>"; };
		4A9686132692859E00820AB8 /* IDetailsLandmarksView.swift */ = {isa = PBXFileReference; lastKnownFileType = sourcecode.swift; path = IDetailsLandmarksView.swift; sourceTree = "<group>"; };
		4A999DCE26869DDD0029306C /* SnapKit.xcframework */ = {isa = PBXFileReference; lastKnownFileType = wrapper.xcframework; name = SnapKit.xcframework; path = Carthage/Build/SnapKit.xcframework; sourceTree = "<group>"; };
		4A999DDB2686A05F0029306C /* LandmarksDataProvider.swift */ = {isa = PBXFileReference; lastKnownFileType = sourcecode.swift; path = LandmarksDataProvider.swift; sourceTree = "<group>"; };
		4A999DDD2686A0920029306C /* LandmarksRouter.swift */ = {isa = PBXFileReference; lastKnownFileType = sourcecode.swift; path = LandmarksRouter.swift; sourceTree = "<group>"; };
		4A999DDF2686A0B90029306C /* LandmarksPresenter.swift */ = {isa = PBXFileReference; lastKnownFileType = sourcecode.swift; path = LandmarksPresenter.swift; sourceTree = "<group>"; };
		4A999DE12686A0DD0029306C /* LandmarksInteractor .swift */ = {isa = PBXFileReference; lastKnownFileType = sourcecode.swift; path = "LandmarksInteractor .swift"; sourceTree = "<group>"; };
		4A999DE32686A1280029306C /* LandmarksAssembly .swift */ = {isa = PBXFileReference; lastKnownFileType = sourcecode.swift; path = "LandmarksAssembly .swift"; sourceTree = "<group>"; };
		4A999DE52686A1EC0029306C /* ILandmarksPresenter.swift */ = {isa = PBXFileReference; lastKnownFileType = sourcecode.swift; path = ILandmarksPresenter.swift; sourceTree = "<group>"; };
		4A999DE72686A2490029306C /* ILandmarksRouter.swift */ = {isa = PBXFileReference; lastKnownFileType = sourcecode.swift; path = ILandmarksRouter.swift; sourceTree = "<group>"; };
		4A999DE92686A2850029306C /* ILandmarksInteractor.swift */ = {isa = PBXFileReference; lastKnownFileType = sourcecode.swift; path = ILandmarksInteractor.swift; sourceTree = "<group>"; };
		4AA87697269221DF00581FC5 /* Identifiers.swift */ = {isa = PBXFileReference; lastKnownFileType = sourcecode.swift; path = Identifiers.swift; sourceTree = "<group>"; };
		4AA876992692334000581FC5 /* LandmarksViewController+ILandmarksView.swift */ = {isa = PBXFileReference; lastKnownFileType = sourcecode.swift; path = "LandmarksViewController+ILandmarksView.swift"; sourceTree = "<group>"; };
		4AA8769D26923F3100581FC5 /* landmarkData.json */ = {isa = PBXFileReference; fileEncoding = 4; lastKnownFileType = text.json; path = landmarkData.json; sourceTree = "<group>"; };
		4AC8D04826889B1500C9FBDA /* LandmarksCell.swift */ = {isa = PBXFileReference; lastKnownFileType = sourcecode.swift; path = LandmarksCell.swift; sourceTree = "<group>"; };
		4AC8D04D268903BC00C9FBDA /* UIColor.swift */ = {isa = PBXFileReference; lastKnownFileType = sourcecode.swift; path = UIColor.swift; sourceTree = "<group>"; };
		4AC8D04F2689055A00C9FBDA /* Colors.swift */ = {isa = PBXFileReference; lastKnownFileType = sourcecode.swift; path = Colors.swift; sourceTree = "<group>"; };
		4AD486772684D5F9005295C3 /* LandmarksTest.app */ = {isa = PBXFileReference; explicitFileType = wrapper.application; includeInIndex = 0; path = LandmarksTest.app; sourceTree = BUILT_PRODUCTS_DIR; };
		4AD4867A2684D5F9005295C3 /* AppDelegate.swift */ = {isa = PBXFileReference; lastKnownFileType = sourcecode.swift; path = AppDelegate.swift; sourceTree = "<group>"; };
		4AD4867C2684D5F9005295C3 /* SceneDelegate.swift */ = {isa = PBXFileReference; lastKnownFileType = sourcecode.swift; path = SceneDelegate.swift; sourceTree = "<group>"; };
		4AD4867E2684D5F9005295C3 /* LandmarksViewController.swift */ = {isa = PBXFileReference; lastKnownFileType = sourcecode.swift; path = LandmarksViewController.swift; sourceTree = "<group>"; };
		4AD486832684D5FB005295C3 /* Assets.xcassets */ = {isa = PBXFileReference; lastKnownFileType = folder.assetcatalog; path = Assets.xcassets; sourceTree = "<group>"; };
		4AD486862684D5FB005295C3 /* Base */ = {isa = PBXFileReference; lastKnownFileType = file.storyboard; name = Base; path = Base.lproj/LaunchScreen.storyboard; sourceTree = "<group>"; };
		4AD486882684D5FB005295C3 /* Info.plist */ = {isa = PBXFileReference; lastKnownFileType = text.plist.xml; path = Info.plist; sourceTree = "<group>"; };
		4AD486902684D71C005295C3 /* .gitignore */ = {isa = PBXFileReference; lastKnownFileType = text; path = .gitignore; sourceTree = "<group>"; };
		4ADF1074268F642600F9D997 /* UIImageView.swift */ = {isa = PBXFileReference; lastKnownFileType = sourcecode.swift; path = UIImageView.swift; sourceTree = "<group>"; };
/* End PBXFileReference section */

/* Begin PBXFrameworksBuildPhase section */
		4AD486742684D5F9005295C3 /* Frameworks */ = {
			isa = PBXFrameworksBuildPhase;
			buildActionMask = 2147483647;
			files = (
				4A009D07269131CF008BA074 /* SnapKit.xcframework in Frameworks */,
			);
			runOnlyForDeploymentPostprocessing = 0;
		};
/* End PBXFrameworksBuildPhase section */

/* Begin PBXGroup section */
		4A009CFA2690C356008BA074 /* LandmarksModule */ = {
			isa = PBXGroup;
			children = (
				4AA8769326921A3700581FC5 /* LandmarksAssembly */,
				4A009CFB2690C3A3008BA074 /* LandmarksPresenter */,
				4A009CFC2690C3BD008BA074 /* LandmarksInteractor */,
				4A009CFD2690C3C7008BA074 /* LandmarksViewController */,
			);
			path = LandmarksModule;
			sourceTree = "<group>";
		};
		4A009CFB2690C3A3008BA074 /* LandmarksPresenter */ = {
			isa = PBXGroup;
			children = (
				4A999DDF2686A0B90029306C /* LandmarksPresenter.swift */,
				4A999DE52686A1EC0029306C /* ILandmarksPresenter.swift */,
			);
			path = LandmarksPresenter;
			sourceTree = "<group>";
		};
		4A009CFC2690C3BD008BA074 /* LandmarksInteractor */ = {
			isa = PBXGroup;
			children = (
				4A009CFE2690C3D9008BA074 /* LandmarksProvider */,
				4A999DE12686A0DD0029306C /* LandmarksInteractor .swift */,
				4A999DE92686A2850029306C /* ILandmarksInteractor.swift */,
			);
			path = LandmarksInteractor;
			sourceTree = "<group>";
		};
		4A009CFD2690C3C7008BA074 /* LandmarksViewController */ = {
			isa = PBXGroup;
			children = (
				4AC8D04726889AEB00C9FBDA /* Cell */,
				4AD4867E2684D5F9005295C3 /* LandmarksViewController.swift */,
				4AA876992692334000581FC5 /* LandmarksViewController+ILandmarksView.swift */,
				4A16E2DE2686A5FE0026A106 /* ILandmarksView.swift */,
			);
			path = LandmarksViewController;
			sourceTree = "<group>";
		};
		4A009CFE2690C3D9008BA074 /* LandmarksProvider */ = {
			isa = PBXGroup;
			children = (
				4A999DDB2686A05F0029306C /* LandmarksDataProvider.swift */,
				4A16E2E02686A7DB0026A106 /* ILandmarksDataProvider.swift */,
			);
			path = LandmarksProvider;
			sourceTree = "<group>";
		};
		4A009D0026912C80008BA074 /* DetailsLandmarksModule */ = {
			isa = PBXGroup;
			children = (
				4A5AA7112694C18D003D7233 /* ViewModel */,
				4A240E09269283C100F08577 /* DetailsLandmarksAssembly */,
				4A009D0A269131FE008BA074 /* DetailsPresenter */,
				4A009D0B2691320A008BA074 /* DetailsInteractor */,
				4A009D0C26913217008BA074 /* DetailsViewController */,
			);
			path = DetailsLandmarksModule;
			sourceTree = "<group>";
		};
		4A009D0A269131FE008BA074 /* DetailsPresenter */ = {
			isa = PBXGroup;
			children = (
				4A009D0F269132A4008BA074 /* DetailsLandmarksPresenter.swift */,
				4A009D10269132A5008BA074 /* IDetailsLandmarksPresenter.swift */,
			);
			path = DetailsPresenter;
			sourceTree = "<group>";
		};
		4A009D0B2691320A008BA074 /* DetailsInteractor */ = {
			isa = PBXGroup;
			children = (
				4A5AA7142694CE87003D7233 /* Service */,
				4A009D132691337B008BA074 /* Provider */,
				4A5AA7172694D009003D7233 /* Interactor  */,
			);
			path = DetailsInteractor;
			sourceTree = "<group>";
		};
		4A009D0C26913217008BA074 /* DetailsViewController */ = {
			isa = PBXGroup;
			children = (
				4A009D0E26913249008BA074 /* View */,
				4A5AA7182694D0C4003D7233 /* Controller */,
			);
			path = DetailsViewController;
			sourceTree = "<group>";
		};
		4A009D0E26913249008BA074 /* View */ = {
			isa = PBXGroup;
			children = (
				4A759CD3268E74EB00A33E08 /* DetailView.swift */,
			);
			path = View;
			sourceTree = "<group>";
		};
		4A009D132691337B008BA074 /* Provider */ = {
			isa = PBXGroup;
			children = (
				4A009D142691337C008BA074 /* DetailsLandmarksDataProvider.swift */,
				4A009D152691337C008BA074 /* IDetailsLandmarksDataProvider.swift */,
			);
			path = Provider;
			sourceTree = "<group>";
		};
		4A15DEE5268690650093E7E3 /* Frameworks */ = {
			isa = PBXGroup;
			children = (
				4A999DCE26869DDD0029306C /* SnapKit.xcframework */,
				4A15DEE6268690650093E7E3 /* SnapKit.framework */,
			);
			name = Frameworks;
			sourceTree = "<group>";
		};
		4A16E2E2268783D40026A106 /* Model */ = {
			isa = PBXGroup;
			children = (
				4A16E2E3268783E10026A106 /* Landmarks.swift */,
			);
			path = Model;
			sourceTree = "<group>";
		};
		4A240E09269283C100F08577 /* DetailsLandmarksAssembly */ = {
			isa = PBXGroup;
			children = (
				4A240E0A269283E300F08577 /* DetailsLandmarksAssembly.swift */,
			);
			path = DetailsLandmarksAssembly;
			sourceTree = "<group>";
		};
		4A5AA7112694C18D003D7233 /* ViewModel */ = {
			isa = PBXGroup;
			children = (
				4A5AA7122694C1B5003D7233 /* DetailedLandmarkViewModel.swift */,
			);
			path = ViewModel;
			sourceTree = "<group>";
		};
		4A5AA7142694CE87003D7233 /* Service */ = {
			isa = PBXGroup;
			children = (
				4A240E012692720D00F08577 /* DetailsLandmarksService.swift */,
				4A5AA7152694CED6003D7233 /* IDetailsLandmarksService.swift */,
			);
			path = Service;
			sourceTree = "<group>";
		};
		4A5AA7172694D009003D7233 /* Interactor  */ = {
			isa = PBXGroup;
			children = (
				4A009D122691337B008BA074 /* IDetailsLandmarksInteractor.swift */,
				4A009D112691337B008BA074 /* DetailsLandmarksInteractor .swift */,
			);
			path = "Interactor ";
			sourceTree = "<group>";
		};
		4A5AA7182694D0C4003D7233 /* Controller */ = {
			isa = PBXGroup;
			children = (
				4A9686132692859E00820AB8 /* IDetailsLandmarksView.swift */,
				4A873501268BC90600265B66 /* DetailsLandmarksViewController.swift */,
				4A240E0726927B0300F08577 /* DetailsLandmarksViewControllers+IDetailsLandmarksLogic.swift */,
			);
			path = Controller;
			sourceTree = "<group>";
		};
		4A999DD426869FC60029306C /* SupportingFiles */ = {
			isa = PBXGroup;
			children = (
				4AC8D04C268903AD00C9FBDA /* Extensions */,
				4AD4867A2684D5F9005295C3 /* AppDelegate.swift */,
				4AD4867C2684D5F9005295C3 /* SceneDelegate.swift */,
			);
			path = SupportingFiles;
			sourceTree = "<group>";
		};
		4A999DD526869FD60029306C /* Resources */ = {
			isa = PBXGroup;
			children = (
				4AD486832684D5FB005295C3 /* Assets.xcassets */,
				4AA87697269221DF00581FC5 /* Identifiers.swift */,
				4AC8D04F2689055A00C9FBDA /* Colors.swift */,
				4A8734FE268B90D900265B66 /* Size.swift */,
				4A43C05F26925D220058807B /* ImageStore.swift */,
				4AD486882684D5FB005295C3 /* Info.plist */,
				4AA8769D26923F3100581FC5 /* landmarkData.json */,
			);
			path = Resources;
			sourceTree = "<group>";
		};
		4A999DD62686A0010029306C /* Storyboard */ = {
			isa = PBXGroup;
			children = (
				4AD486852684D5FB005295C3 /* LaunchScreen.storyboard */,
			);
			path = Storyboard;
			sourceTree = "<group>";
		};
		4A999DD92686A0300029306C /* Router */ = {
			isa = PBXGroup;
			children = (
				4A999DDD2686A0920029306C /* LandmarksRouter.swift */,
				4A999DE72686A2490029306C /* ILandmarksRouter.swift */,
			);
			path = Router;
			sourceTree = "<group>";
		};
		4AA8769326921A3700581FC5 /* LandmarksAssembly */ = {
			isa = PBXGroup;
			children = (
				4A999DE32686A1280029306C /* LandmarksAssembly .swift */,
			);
			path = LandmarksAssembly;
			sourceTree = "<group>";
		};
		4AC8D04726889AEB00C9FBDA /* Cell */ = {
			isa = PBXGroup;
			children = (
				4AC8D04826889B1500C9FBDA /* LandmarksCell.swift */,
				4A8734FC268B8C5800265B66 /* FavoriteCell.swift */,
			);
			path = Cell;
			sourceTree = "<group>";
		};
		4AC8D04C268903AD00C9FBDA /* Extensions */ = {
			isa = PBXGroup;
			children = (
				4AC8D04D268903BC00C9FBDA /* UIColor.swift */,
				4ADF1074268F642600F9D997 /* UIImageView.swift */,
			);
			path = Extensions;
			sourceTree = "<group>";
		};
		4AD4866E2684D5F9005295C3 = {
			isa = PBXGroup;
			children = (
				4AD486902684D71C005295C3 /* .gitignore */,
				4AD486792684D5F9005295C3 /* LandmarksTest */,
				4AD486782684D5F9005295C3 /* Products */,
				4A15DEE5268690650093E7E3 /* Frameworks */,
			);
			sourceTree = "<group>";
		};
		4AD486782684D5F9005295C3 /* Products */ = {
			isa = PBXGroup;
			children = (
				4AD486772684D5F9005295C3 /* LandmarksTest.app */,
			);
			name = Products;
			sourceTree = "<group>";
		};
		4AD486792684D5F9005295C3 /* LandmarksTest */ = {
			isa = PBXGroup;
			children = (
				4A16E2E2268783D40026A106 /* Model */,
				4A009CFA2690C356008BA074 /* LandmarksModule */,
				4A009D0026912C80008BA074 /* DetailsLandmarksModule */,
				4A999DD92686A0300029306C /* Router */,
				4A999DD426869FC60029306C /* SupportingFiles */,
				4A999DD526869FD60029306C /* Resources */,
				4A999DD62686A0010029306C /* Storyboard */,
			);
			path = LandmarksTest;
			sourceTree = "<group>";
		};
/* End PBXGroup section */

/* Begin PBXNativeTarget section */
		4AD486762684D5F9005295C3 /* LandmarksTest */ = {
			isa = PBXNativeTarget;
			buildConfigurationList = 4AD4868B2684D5FB005295C3 /* Build configuration list for PBXNativeTarget "LandmarksTest" */;
			buildPhases = (
				4AD486732684D5F9005295C3 /* Sources */,
				4AD486742684D5F9005295C3 /* Frameworks */,
				4AD486752684D5F9005295C3 /* Resources */,
				4A009D09269131CF008BA074 /* Embed Frameworks */,
			);
			buildRules = (
			);
			dependencies = (
			);
			name = LandmarksTest;
			productName = LandmarksTest;
			productReference = 4AD486772684D5F9005295C3 /* LandmarksTest.app */;
			productType = "com.apple.product-type.application";
		};
/* End PBXNativeTarget section */

/* Begin PBXProject section */
		4AD4866F2684D5F9005295C3 /* Project object */ = {
			isa = PBXProject;
			attributes = {
				LastSwiftUpdateCheck = 1240;
				LastUpgradeCheck = 1240;
				TargetAttributes = {
					4AD486762684D5F9005295C3 = {
						CreatedOnToolsVersion = 12.4;
					};
				};
			};
			buildConfigurationList = 4AD486722684D5F9005295C3 /* Build configuration list for PBXProject "LandmarksTest" */;
			compatibilityVersion = "Xcode 9.3";
			developmentRegion = en;
			hasScannedForEncodings = 0;
			knownRegions = (
				en,
				Base,
			);
			mainGroup = 4AD4866E2684D5F9005295C3;
			productRefGroup = 4AD486782684D5F9005295C3 /* Products */;
			projectDirPath = "";
			projectRoot = "";
			targets = (
				4AD486762684D5F9005295C3 /* LandmarksTest */,
			);
		};
/* End PBXProject section */

/* Begin PBXResourcesBuildPhase section */
		4AD486752684D5F9005295C3 /* Resources */ = {
			isa = PBXResourcesBuildPhase;
			buildActionMask = 2147483647;
			files = (
				4AD486912684D71C005295C3 /* .gitignore in Resources */,
				4AA8769E26923F3100581FC5 /* landmarkData.json in Resources */,
				4AD486872684D5FB005295C3 /* LaunchScreen.storyboard in Resources */,
				4AD486842684D5FB005295C3 /* Assets.xcassets in Resources */,
			);
			runOnlyForDeploymentPostprocessing = 0;
		};
/* End PBXResourcesBuildPhase section */

/* Begin PBXSourcesBuildPhase section */
		4AD486732684D5F9005295C3 /* Sources */ = {
			isa = PBXSourcesBuildPhase;
			buildActionMask = 2147483647;
			files = (
				4A240E0B269283E300F08577 /* DetailsLandmarksAssembly.swift in Sources */,
				4A44C83326928927006EAEE7 /* DetailsLandmarksInteractor .swift in Sources */,
				4A16E2DF2686A5FE0026A106 /* ILandmarksView.swift in Sources */,
				4A240E0826927B0300F08577 /* DetailsLandmarksViewControllers+IDetailsLandmarksLogic.swift in Sources */,
				4A999DE42686A1280029306C /* LandmarksAssembly .swift in Sources */,
				4A9686142692859E00820AB8 /* IDetailsLandmarksView.swift in Sources */,
				4A968615269287D200820AB8 /* DetailsLandmarksPresenter.swift in Sources */,
				4A43C06026925D220058807B /* ImageStore.swift in Sources */,
				4A240DFD26926B2400F08577 /* IDetailsLandmarksDataProvider.swift in Sources */,
				4A999DE02686A0B90029306C /* LandmarksPresenter.swift in Sources */,
				4A16E2E12686A7DB0026A106 /* ILandmarksDataProvider.swift in Sources */,
				4A999DE62686A1EC0029306C /* ILandmarksPresenter.swift in Sources */,
				4A5AA7132694C1B5003D7233 /* DetailedLandmarkViewModel.swift in Sources */,
				4AD4867F2684D5F9005295C3 /* LandmarksViewController.swift in Sources */,
				4A16E2E4268783E10026A106 /* Landmarks.swift in Sources */,
				4AA8769A2692334000581FC5 /* LandmarksViewController+ILandmarksView.swift in Sources */,
				4A240E022692720D00F08577 /* DetailsLandmarksService.swift in Sources */,
				4ADF1075268F642600F9D997 /* UIImageView.swift in Sources */,
				4A999DEA2686A2850029306C /* ILandmarksInteractor.swift in Sources */,
				4A43C05C26924A7C0058807B /* IDetailsLandmarksPresenter.swift in Sources */,
				4AC8D04E268903BC00C9FBDA /* UIColor.swift in Sources */,
				4A240DFC26926AFF00F08577 /* DetailsLandmarksDataProvider.swift in Sources */,
				4AA87698269221DF00581FC5 /* Identifiers.swift in Sources */,
				4A43C05A269247290058807B /* IDetailsLandmarksInteractor.swift in Sources */,
				4AD4867B2684D5F9005295C3 /* AppDelegate.swift in Sources */,
				4A8734FD268B8C5800265B66 /* FavoriteCell.swift in Sources */,
				4A8734FF268B90D900265B66 /* Size.swift in Sources */,
				4AC8D0502689055A00C9FBDA /* Colors.swift in Sources */,
				4A5AA7162694CED6003D7233 /* IDetailsLandmarksService.swift in Sources */,
				4A999DDC2686A05F0029306C /* LandmarksDataProvider.swift in Sources */,
				4AC8D04926889B1500C9FBDA /* LandmarksCell.swift in Sources */,
				4A759CD4268E74EB00A33E08 /* DetailView.swift in Sources */,
				4A999DE22686A0DD0029306C /* LandmarksInteractor .swift in Sources */,
				4AD4867D2684D5F9005295C3 /* SceneDelegate.swift in Sources */,
				4A999DE82686A2490029306C /* ILandmarksRouter.swift in Sources */,
				4A999DDE2686A0920029306C /* LandmarksRouter.swift in Sources */,
				4A873502268BC90600265B66 /* DetailsLandmarksViewController.swift in Sources */,
			);
			runOnlyForDeploymentPostprocessing = 0;
		};
/* End PBXSourcesBuildPhase section */

/* Begin PBXVariantGroup section */
		4AD486852684D5FB005295C3 /* LaunchScreen.storyboard */ = {
			isa = PBXVariantGroup;
			children = (
				4AD486862684D5FB005295C3 /* Base */,
			);
			name = LaunchScreen.storyboard;
			sourceTree = "<group>";
		};
/* End PBXVariantGroup section */

/* Begin XCBuildConfiguration section */
		4AD486892684D5FB005295C3 /* Debug */ = {
			isa = XCBuildConfiguration;
			buildSettings = {
				ALWAYS_SEARCH_USER_PATHS = NO;
				CLANG_ANALYZER_NONNULL = YES;
				CLANG_ANALYZER_NUMBER_OBJECT_CONVERSION = YES_AGGRESSIVE;
				CLANG_CXX_LANGUAGE_STANDARD = "gnu++14";
				CLANG_CXX_LIBRARY = "libc++";
				CLANG_ENABLE_MODULES = YES;
				CLANG_ENABLE_OBJC_ARC = YES;
				CLANG_ENABLE_OBJC_WEAK = YES;
				CLANG_WARN_BLOCK_CAPTURE_AUTORELEASING = YES;
				CLANG_WARN_BOOL_CONVERSION = YES;
				CLANG_WARN_COMMA = YES;
				CLANG_WARN_CONSTANT_CONVERSION = YES;
				CLANG_WARN_DEPRECATED_OBJC_IMPLEMENTATIONS = YES;
				CLANG_WARN_DIRECT_OBJC_ISA_USAGE = YES_ERROR;
				CLANG_WARN_DOCUMENTATION_COMMENTS = YES;
				CLANG_WARN_EMPTY_BODY = YES;
				CLANG_WARN_ENUM_CONVERSION = YES;
				CLANG_WARN_INFINITE_RECURSION = YES;
				CLANG_WARN_INT_CONVERSION = YES;
				CLANG_WARN_NON_LITERAL_NULL_CONVERSION = YES;
				CLANG_WARN_OBJC_IMPLICIT_RETAIN_SELF = YES;
				CLANG_WARN_OBJC_LITERAL_CONVERSION = YES;
				CLANG_WARN_OBJC_ROOT_CLASS = YES_ERROR;
				CLANG_WARN_QUOTED_INCLUDE_IN_FRAMEWORK_HEADER = YES;
				CLANG_WARN_RANGE_LOOP_ANALYSIS = YES;
				CLANG_WARN_STRICT_PROTOTYPES = YES;
				CLANG_WARN_SUSPICIOUS_MOVE = YES;
				CLANG_WARN_UNGUARDED_AVAILABILITY = YES_AGGRESSIVE;
				CLANG_WARN_UNREACHABLE_CODE = YES;
				CLANG_WARN__DUPLICATE_METHOD_MATCH = YES;
				COPY_PHASE_STRIP = NO;
				DEBUG_INFORMATION_FORMAT = dwarf;
				ENABLE_STRICT_OBJC_MSGSEND = YES;
				ENABLE_TESTABILITY = YES;
				GCC_C_LANGUAGE_STANDARD = gnu11;
				GCC_DYNAMIC_NO_PIC = NO;
				GCC_NO_COMMON_BLOCKS = YES;
				GCC_OPTIMIZATION_LEVEL = 0;
				GCC_PREPROCESSOR_DEFINITIONS = (
					"DEBUG=1",
					"$(inherited)",
				);
				GCC_WARN_64_TO_32_BIT_CONVERSION = YES;
				GCC_WARN_ABOUT_RETURN_TYPE = YES_ERROR;
				GCC_WARN_UNDECLARED_SELECTOR = YES;
				GCC_WARN_UNINITIALIZED_AUTOS = YES_AGGRESSIVE;
				GCC_WARN_UNUSED_FUNCTION = YES;
				GCC_WARN_UNUSED_VARIABLE = YES;
				IPHONEOS_DEPLOYMENT_TARGET = 14.4;
				MTL_ENABLE_DEBUG_INFO = INCLUDE_SOURCE;
				MTL_FAST_MATH = YES;
				ONLY_ACTIVE_ARCH = YES;
				SDKROOT = iphoneos;
				SWIFT_ACTIVE_COMPILATION_CONDITIONS = DEBUG;
				SWIFT_OPTIMIZATION_LEVEL = "-Onone";
			};
			name = Debug;
		};
		4AD4868A2684D5FB005295C3 /* Release */ = {
			isa = XCBuildConfiguration;
			buildSettings = {
				ALWAYS_SEARCH_USER_PATHS = NO;
				CLANG_ANALYZER_NONNULL = YES;
				CLANG_ANALYZER_NUMBER_OBJECT_CONVERSION = YES_AGGRESSIVE;
				CLANG_CXX_LANGUAGE_STANDARD = "gnu++14";
				CLANG_CXX_LIBRARY = "libc++";
				CLANG_ENABLE_MODULES = YES;
				CLANG_ENABLE_OBJC_ARC = YES;
				CLANG_ENABLE_OBJC_WEAK = YES;
				CLANG_WARN_BLOCK_CAPTURE_AUTORELEASING = YES;
				CLANG_WARN_BOOL_CONVERSION = YES;
				CLANG_WARN_COMMA = YES;
				CLANG_WARN_CONSTANT_CONVERSION = YES;
				CLANG_WARN_DEPRECATED_OBJC_IMPLEMENTATIONS = YES;
				CLANG_WARN_DIRECT_OBJC_ISA_USAGE = YES_ERROR;
				CLANG_WARN_DOCUMENTATION_COMMENTS = YES;
				CLANG_WARN_EMPTY_BODY = YES;
				CLANG_WARN_ENUM_CONVERSION = YES;
				CLANG_WARN_INFINITE_RECURSION = YES;
				CLANG_WARN_INT_CONVERSION = YES;
				CLANG_WARN_NON_LITERAL_NULL_CONVERSION = YES;
				CLANG_WARN_OBJC_IMPLICIT_RETAIN_SELF = YES;
				CLANG_WARN_OBJC_LITERAL_CONVERSION = YES;
				CLANG_WARN_OBJC_ROOT_CLASS = YES_ERROR;
				CLANG_WARN_QUOTED_INCLUDE_IN_FRAMEWORK_HEADER = YES;
				CLANG_WARN_RANGE_LOOP_ANALYSIS = YES;
				CLANG_WARN_STRICT_PROTOTYPES = YES;
				CLANG_WARN_SUSPICIOUS_MOVE = YES;
				CLANG_WARN_UNGUARDED_AVAILABILITY = YES_AGGRESSIVE;
				CLANG_WARN_UNREACHABLE_CODE = YES;
				CLANG_WARN__DUPLICATE_METHOD_MATCH = YES;
				COPY_PHASE_STRIP = NO;
				DEBUG_INFORMATION_FORMAT = "dwarf-with-dsym";
				ENABLE_NS_ASSERTIONS = NO;
				ENABLE_STRICT_OBJC_MSGSEND = YES;
				GCC_C_LANGUAGE_STANDARD = gnu11;
				GCC_NO_COMMON_BLOCKS = YES;
				GCC_WARN_64_TO_32_BIT_CONVERSION = YES;
				GCC_WARN_ABOUT_RETURN_TYPE = YES_ERROR;
				GCC_WARN_UNDECLARED_SELECTOR = YES;
				GCC_WARN_UNINITIALIZED_AUTOS = YES_AGGRESSIVE;
				GCC_WARN_UNUSED_FUNCTION = YES;
				GCC_WARN_UNUSED_VARIABLE = YES;
				IPHONEOS_DEPLOYMENT_TARGET = 14.4;
				MTL_ENABLE_DEBUG_INFO = NO;
				MTL_FAST_MATH = YES;
				SDKROOT = iphoneos;
				SWIFT_COMPILATION_MODE = wholemodule;
				SWIFT_OPTIMIZATION_LEVEL = "-O";
				VALIDATE_PRODUCT = YES;
			};
			name = Release;
		};
		4AD4868C2684D5FB005295C3 /* Debug */ = {
			isa = XCBuildConfiguration;
			buildSettings = {
				ASSETCATALOG_COMPILER_APPICON_NAME = AppIcon;
				ASSETCATALOG_COMPILER_GLOBAL_ACCENT_COLOR_NAME = AccentColor;
				CODE_SIGN_STYLE = Automatic;
				DEVELOPMENT_TEAM = N5DQ465SS7;
				FRAMEWORK_SEARCH_PATHS = (
					"$(inherited)",
					"$(PROJECT_DIR)/Carthage/Build/iOS",
				);
				INFOPLIST_FILE = LandmarksTest/Resources/Info.plist;
				IPHONEOS_DEPLOYMENT_TARGET = 13.0;
				LD_RUNPATH_SEARCH_PATHS = (
					"$(inherited)",
					"@executable_path/Frameworks",
				);
				PRODUCT_BUNDLE_IDENTIFIER = "Sergey-Gnatyuk.LandmarksTest";
				PRODUCT_NAME = "$(TARGET_NAME)";
				SWIFT_VERSION = 5.0;
				TARGETED_DEVICE_FAMILY = "1,2";
			};
			name = Debug;
		};
		4AD4868D2684D5FB005295C3 /* Release */ = {
			isa = XCBuildConfiguration;
			buildSettings = {
				ASSETCATALOG_COMPILER_APPICON_NAME = AppIcon;
				ASSETCATALOG_COMPILER_GLOBAL_ACCENT_COLOR_NAME = AccentColor;
				CODE_SIGN_STYLE = Automatic;
				DEVELOPMENT_TEAM = N5DQ465SS7;
				FRAMEWORK_SEARCH_PATHS = (
					"$(inherited)",
					"$(PROJECT_DIR)/Carthage/Build/iOS",
				);
				INFOPLIST_FILE = LandmarksTest/Resources/Info.plist;
				IPHONEOS_DEPLOYMENT_TARGET = 13.0;
				LD_RUNPATH_SEARCH_PATHS = (
					"$(inherited)",
					"@executable_path/Frameworks",
				);
				PRODUCT_BUNDLE_IDENTIFIER = "Sergey-Gnatyuk.LandmarksTest";
				PRODUCT_NAME = "$(TARGET_NAME)";
				SWIFT_VERSION = 5.0;
				TARGETED_DEVICE_FAMILY = "1,2";
			};
			name = Release;
		};
/* End XCBuildConfiguration section */

/* Begin XCConfigurationList section */
		4AD486722684D5F9005295C3 /* Build configuration list for PBXProject "LandmarksTest" */ = {
			isa = XCConfigurationList;
			buildConfigurations = (
				4AD486892684D5FB005295C3 /* Debug */,
				4AD4868A2684D5FB005295C3 /* Release */,
			);
			defaultConfigurationIsVisible = 0;
			defaultConfigurationName = Release;
		};
		4AD4868B2684D5FB005295C3 /* Build configuration list for PBXNativeTarget "LandmarksTest" */ = {
			isa = XCConfigurationList;
			buildConfigurations = (
				4AD4868C2684D5FB005295C3 /* Debug */,
				4AD4868D2684D5FB005295C3 /* Release */,
			);
			defaultConfigurationIsVisible = 0;
			defaultConfigurationName = Release;
		};
/* End XCConfigurationList section */
	};
	rootObject = 4AD4866F2684D5F9005295C3 /* Project object */;
}
